
Microsoft Visual Studio Solution File, Format Version 12.00
# Visual Studio Version 16
VisualStudioVersion = 16.0.30503.244
MinimumVisualStudioVersion = 10.0.40219.1
Project("{FAE04EC0-301F-11D3-BF4B-00C04F79EFBC}") = "MatrixTrail", "MatrixTrail.csproj", "{00494906-47C6-4B66-B46B-B3D82A6C23ED}"
EndProject
Project("{FAE04EC0-301F-11D3-BF4B-00C04F79EFBC}") = "MatrixTrailTests", "..\MatrixTrailTests\MatrixTrailTests.csproj", "{15ECA659-E048-44F2-A250-26D0BCC9B1D0}"
EndProject
Global
	GlobalSection(SolutionConfigurationPlatforms) = preSolution
		Debug|Any CPU = Debug|Any CPU
		Release|Any CPU = Release|Any CPU
	EndGlobalSection
	GlobalSection(ProjectConfigurationPlatforms) = postSolution
		{00494906-47C6-4B66-B46B-B3D82A6C23ED}.Debug|Any CPU.ActiveCfg = Debug|Any CPU
		{00494906-47C6-4B66-B46B-B3D82A6C23ED}.Debug|Any CPU.Build.0 = Debug|Any CPU
		{00494906-47C6-4B66-B46B-B3D82A6C23ED}.Release|Any CPU.ActiveCfg = Release|Any CPU
		{00494906-47C6-4B66-B46B-B3D82A6C23ED}.Release|Any CPU.Build.0 = Release|Any CPU
		{15ECA659-E048-44F2-A250-26D0BCC9B1D0}.Debug|Any CPU.ActiveCfg = Debug|Any CPU
		{15ECA659-E048-44F2-A250-26D0BCC9B1D0}.Debug|Any CPU.Build.0 = Debug|Any CPU
		{15ECA659-E048-44F2-A250-26D0BCC9B1D0}.Release|Any CPU.ActiveCfg = Release|Any CPU
		{15ECA659-E048-44F2-A250-26D0BCC9B1D0}.Release|Any CPU.Build.0 = Release|Any CPU
	EndGlobalSection
	GlobalSection(SolutionProperties) = preSolution
		HideSolutionNode = FALSE
	EndGlobalSection
	GlobalSection(ExtensibilityGlobals) = postSolution
		SolutionGuid = {6ABD296D-6157-405C-83E5-0EB7ACBF633A}
	EndGlobalSection
EndGlobal
